
Microsoft Visual Studio Solution File, Format Version 12.00
# Visual Studio Version 17
VisualStudioVersion = 17.10.35004.147
MinimumVisualStudioVersion = 10.0.40219.1
Project("{FAE04EC0-301F-11D3-BF4B-00C04F79EFBC}") = "CGrep", "CGrep\CGrep.csproj", "{A39AD4C8-5C1F-44DB-9BF2-B3E81D5E6F64}"
EndProject
Global
	GlobalSection(SolutionConfigurationPlatforms) = preSolution
		Debug|Any CPU = Debug|Any CPU
		Debug|x86 = Debug|x86
		Release|Any CPU = Release|Any CPU
		Release|x86 = Release|x86
	EndGlobalSection
	GlobalSection(ProjectConfigurationPlatforms) = postSolution
		{A39AD4C8-5C1F-44DB-9BF2-B3E81D5E6F64}.Debug|Any CPU.ActiveCfg = Debug|Any CPU
		{A39AD4C8-5C1F-44DB-9BF2-B3E81D5E6F64}.Debug|Any CPU.Build.0 = Debug|Any CPU
		{A39AD4C8-5C1F-44DB-9BF2-B3E81D5E6F64}.Debug|x86.ActiveCfg = Debug|Any CPU
		{A39AD4C8-5C1F-44DB-9BF2-B3E81D5E6F64}.Debug|x86.Build.0 = Debug|Any CPU
		{A39AD4C8-5C1F-44DB-9BF2-B3E81D5E6F64}.Release|Any CPU.ActiveCfg = Release|Any CPU
		{A39AD4C8-5C1F-44DB-9BF2-B3E81D5E6F64}.Release|Any CPU.Build.0 = Release|Any CPU
		{A39AD4C8-5C1F-44DB-9BF2-B3E81D5E6F64}.Release|x86.ActiveCfg = Release|Any CPU
		{A39AD4C8-5C1F-44DB-9BF2-B3E81D5E6F64}.Release|x86.Build.0 = Release|Any CPU
	EndGlobalSection
	GlobalSection(SolutionProperties) = preSolution
		HideSolutionNode = FALSE
	EndGlobalSection
EndGlobal
